
Microsoft Visual Studio Solution File, Format Version 12.00
# Visual Studio Version 17
VisualStudioVersion = 17.14.36414.22 d17.14
MinimumVisualStudioVersion = 10.0.40219.1
Project("{FAE04EC0-301F-11D3-BF4B-00C04F79EFBC}") = "Lines Sorter", "Lines Sorter\Lines Sorter.csproj", "{7A00AE12-49B7-4ED4-A74C-508C21A77127}"
EndProject
Global
	GlobalSection(SolutionConfigurationPlatforms) = preSolution
		Debug|Any CPU = Debug|Any CPU
		Release|Any CPU = Release|Any CPU
	EndGlobalSection
	GlobalSection(ProjectConfigurationPlatforms) = postSolution
		{7A00AE12-49B7-4ED4-A74C-508C21A77127}.Debug|Any CPU.ActiveCfg = Release|Any CPU
		{7A00AE12-49B7-4ED4-A74C-508C21A77127}.Debug|Any CPU.Build.0 = Release|Any CPU
		{7A00AE12-49B7-4ED4-A74C-508C21A77127}.Release|Any CPU.ActiveCfg = Release|Any CPU
		{7A00AE12-49B7-4ED4-A74C-508C21A77127}.Release|Any CPU.Build.0 = Release|Any CPU
	EndGlobalSection
	GlobalSection(SolutionProperties) = preSolution
		HideSolutionNode = FALSE
	EndGlobalSection
	GlobalSection(ExtensibilityGlobals) = postSolution
		SolutionGuid = {B9E09341-CD5D-45FF-8A48-D39060A91FED}
	EndGlobalSection
EndGlobal
